
Microsoft Visual Studio Solution File, Format Version 12.00
# Visual Studio Version 16
VisualStudioVersion = 16.0.37301.9
MinimumVisualStudioVersion = 10.0.40219.1
Project("{FAE04EC0-301F-11D3-BF4B-00C04F79EFBC}") = "serviceSphere", "serviceSphere\serviceSphere.csproj", "{90E73CB8-4844-4F8D-8FB5-CB551CD773FB}"
EndProject
Global
	GlobalSection(SolutionConfigurationPlatforms) = preSolution
		Debug|Any CPU = Debug|Any CPU
		Release|Any CPU = Release|Any CPU
	EndGlobalSection
	GlobalSection(ProjectConfigurationPlatforms) = postSolution
		{90E73CB8-4844-4F8D-8FB5-CB551CD773FB}.Debug|Any CPU.ActiveCfg = Debug|Any CPU
		{90E73CB8-4844-4F8D-8FB5-CB551CD773FB}.Debug|Any CPU.Build.0 = Debug|Any CPU
		{90E73CB8-4844-4F8D-8FB5-CB551CD773FB}.Release|Any CPU.ActiveCfg = Release|Any CPU
		{90E73CB8-4844-4F8D-8FB5-CB551CD773FB}.Release|Any CPU.Build.0 = Release|Any CPU
	EndGlobalSection
	GlobalSection(SolutionProperties) = preSolution
		HideSolutionNode = FALSE
	EndGlobalSection
	GlobalSection(ExtensibilityGlobals) = postSolution
		SolutionGuid = {83FF0409-7888-4CCD-B859-3C67FFD7A830}
	EndGlobalSection
EndGlobal
